
Microsoft Visual Studio Solution File, Format Version 12.00
# Visual Studio 15
VisualStudioVersion = 15.0.28307.572
MinimumVisualStudioVersion = 10.0.40219.1
Project("{9A19103F-16F7-4668-BE54-9A1E7A4F7556}") = "TaskMenager.API", "TaskMenager.API\TaskMenager.API.csproj", "{791F4333-326D-4C38-8866-201EDB443E47}"
EndProject
Project("{9A19103F-16F7-4668-BE54-9A1E7A4F7556}") = "TaskMenagerServices.Tests", "TaskMenagerServices.Tests\TaskMenagerServices.Tests.csproj", "{271C533A-377B-4D63-AE9C-1FEC0F8A6F85}"
EndProject
Project("{FAE04EC0-301F-11D3-BF4B-00C04F79EFBC}") = "TaskMenagerService", "TaskMenagerService\TaskMenagerService.csproj", "{BC7AD9FB-7148-4FB2-88B3-A43713A005A1}"
EndProject
Global
	GlobalSection(SolutionConfigurationPlatforms) = preSolution
		Debug|Any CPU = Debug|Any CPU
		Release|Any CPU = Release|Any CPU
	EndGlobalSection
	GlobalSection(ProjectConfigurationPlatforms) = postSolution
		{791F4333-326D-4C38-8866-201EDB443E47}.Debug|Any CPU.ActiveCfg = Debug|Any CPU
		{791F4333-326D-4C38-8866-201EDB443E47}.Debug|Any CPU.Build.0 = Debug|Any CPU
		{791F4333-326D-4C38-8866-201EDB443E47}.Release|Any CPU.ActiveCfg = Release|Any CPU
		{791F4333-326D-4C38-8866-201EDB443E47}.Release|Any CPU.Build.0 = Release|Any CPU
		{271C533A-377B-4D63-AE9C-1FEC0F8A6F85}.Debug|Any CPU.ActiveCfg = Debug|Any CPU
		{271C533A-377B-4D63-AE9C-1FEC0F8A6F85}.Debug|Any CPU.Build.0 = Debug|Any CPU
		{271C533A-377B-4D63-AE9C-1FEC0F8A6F85}.Release|Any CPU.ActiveCfg = Release|Any CPU
		{271C533A-377B-4D63-AE9C-1FEC0F8A6F85}.Release|Any CPU.Build.0 = Release|Any CPU
		{BC7AD9FB-7148-4FB2-88B3-A43713A005A1}.Debug|Any CPU.ActiveCfg = Debug|Any CPU
		{BC7AD9FB-7148-4FB2-88B3-A43713A005A1}.Debug|Any CPU.Build.0 = Debug|Any CPU
		{BC7AD9FB-7148-4FB2-88B3-A43713A005A1}.Release|Any CPU.ActiveCfg = Release|Any CPU
		{BC7AD9FB-7148-4FB2-88B3-A43713A005A1}.Release|Any CPU.Build.0 = Release|Any CPU
	EndGlobalSection
	GlobalSection(SolutionProperties) = preSolution
		HideSolutionNode = FALSE
	EndGlobalSection
	GlobalSection(ExtensibilityGlobals) = postSolution
		SolutionGuid = {C7B612BD-5762-4F66-AD98-F1BCE836CFA5}
	EndGlobalSection
EndGlobal
